
Microsoft Visual Studio Solution File, Format Version 12.00
# Visual Studio Version 17
VisualStudioVersion = 17.8.34330.188
MinimumVisualStudioVersion = 10.0.40219.1
Project("{8BC9CEB8-8B4A-11D0-8D11-00A0C91BC942}") = "BasicFunction", "BasicFunction\BasicFunction.vcxproj", "{AA92793B-D388-4004-A843-EED8443570EA}"
EndProject
Global
	GlobalSection(SolutionConfigurationPlatforms) = preSolution
		Debug|x64 = Debug|x64
		Debug|x86 = Debug|x86
		Release|x64 = Release|x64
		Release|x86 = Release|x86
	EndGlobalSection
	GlobalSection(ProjectConfigurationPlatforms) = postSolution
		{AA92793B-D388-4004-A843-EED8443570EA}.Debug|x64.ActiveCfg = Debug|x64
		{AA92793B-D388-4004-A843-EED8443570EA}.Debug|x64.Build.0 = Debug|x64
		{AA92793B-D388-4004-A843-EED8443570EA}.Debug|x86.ActiveCfg = Debug|Win32
		{AA92793B-D388-4004-A843-EED8443570EA}.Debug|x86.Build.0 = Debug|Win32
		{AA92793B-D388-4004-A843-EED8443570EA}.Release|x64.ActiveCfg = Release|x64
		{AA92793B-D388-4004-A843-EED8443570EA}.Release|x64.Build.0 = Release|x64
		{AA92793B-D388-4004-A843-EED8443570EA}.Release|x86.ActiveCfg = Release|Win32
		{AA92793B-D388-4004-A843-EED8443570EA}.Release|x86.Build.0 = Release|Win32
	EndGlobalSection
	GlobalSection(SolutionProperties) = preSolution
		HideSolutionNode = FALSE
	EndGlobalSection
	GlobalSection(ExtensibilityGlobals) = postSolution
		SolutionGuid = {BAE8D147-74CD-4501-BC0A-A47459E5F5E9}
	EndGlobalSection
EndGlobal
